{
  "lockfileVersion": 1,
  "configVersion": 1,
  "workspaces": {
    "": {
      "name": "@affinity-health/sdk",
      "devDependencies": {
        "@types/bun": "latest",
        "@typescript/native-preview": "^7.0.0-dev.20260527.2",
        "oxfmt": "^0.52.0",
      },
    },
  },
  "packages": {
    "@oxfmt/binding-android-arm-eabi": ["@oxfmt/binding-android-arm-eabi@0.52.0", "", { "os": "android", "cpu": "arm" }, "sha512-17EMSJnQ9g+upVHrAUYDMfH5lvRKQ9Nvg8WtEoH72oDr1VpWz+7/o3tD97U1EToen2YAQ/68JmtDYkQUi20dfQ=="],

    "@oxfmt/binding-android-arm64": ["@oxfmt/binding-android-arm64@0.52.0", "", { "os": "android", "cpu": "arm64" }, "sha512-A2G1IdwGEW2lLJkIxcvuirRH1CzSl/e0NX11zTlW1gvxJThfwbI/BEoaKrTNpm7M2FchvIf6guvIQU7d5iz+OQ=="],

    "@oxfmt/binding-darwin-arm64": ["@oxfmt/binding-darwin-arm64@0.52.0", "", { "os": "darwin", "cpu": "arm64" }, "sha512-f9+bLvOYxy7NttCLFTvQ7afmqDOWY4wIP9xdvfj5trQ1qj6f2UFAGwZESlfsMjvJNTyRpXfIlOanCI9FOvoeQA=="],

    "@oxfmt/binding-darwin-x64": ["@oxfmt/binding-darwin-x64@0.52.0", "", { "os": "darwin", "cpu": "x64" }, "sha512-YSTB9sJ5nnQd/Q0ddHkgof0ZCHPAnWZT1IW2SJ8omz7CP7KluJhO1fNHrpqdxCtpztJwSs4hY1uAee35wKxxaw=="],

    "@oxfmt/binding-freebsd-x64": ["@oxfmt/binding-freebsd-x64@0.52.0", "", { "os": "freebsd", "cpu": "x64" }, "sha512-NIrRNTTPCs4UbmVs0bxLSCDlLCtIRMJIXklNKaXa5Oj2/K1UIMBvgE8+uPVo01Io3N9HF0+GAX+aAHjUgZS7vA=="],

    "@oxfmt/binding-linux-arm-gnueabihf": ["@oxfmt/binding-linux-arm-gnueabihf@0.52.0", "", { "os": "linux", "cpu": "arm" }, "sha512-JXUCde8mn3GpgQouz2PXUokgy/uT1QrRJBL2s983VWcSQp62wTFYiNXgTKdeo1Jgbr0IgUnKKvzIk/YBlj/nVQ=="],

    "@oxfmt/binding-linux-arm-musleabihf": ["@oxfmt/binding-linux-arm-musleabihf@0.52.0", "", { "os": "linux", "cpu": "arm" }, "sha512-psbUXaRZ+V8DaXz10Qf7LSHtdtdKAmC8fxXgeU608jjzrmWK4quamZMOpl6sf+dikoFHA85uE93Q0BqxrCdQrQ=="],

    "@oxfmt/binding-linux-arm64-gnu": ["@oxfmt/binding-linux-arm64-gnu@0.52.0", "", { "os": "linux", "cpu": "arm64" }, "sha512-Jw7MgWUU9lcLCcy82updISP3EthTlfvAwR6gWNxPzqly7+fLvOi2gHQE9xXQjpqaVLm/8P+gOzlv9ODuoVlaaw=="],

    "@oxfmt/binding-linux-arm64-musl": ["@oxfmt/binding-linux-arm64-musl@0.52.0", "", { "os": "linux", "cpu": "arm64" }, "sha512-wZg6bLjDvh2KibyI3QFUYo8GTXneIFsd0JvehtvJiUmQ8WRPERgxd/VM4ctWb86U5FT1FkqgS8/wZKVB+AZScg=="],

    "@oxfmt/binding-linux-ppc64-gnu": ["@oxfmt/binding-linux-ppc64-gnu@0.52.0", "", { "os": "linux", "cpu": "ppc64" }, "sha512-IngE8uxhNvxcMrLjZNDo9xNLY7rEK33AKnaMd2B46he1e/mz2CfcW6If/U1wUjdRZddm1QzQaciqZkuMkdh1FA=="],

    "@oxfmt/binding-linux-riscv64-gnu": ["@oxfmt/binding-linux-riscv64-gnu@0.52.0", "", { "os": "linux", "cpu": "none" }, "sha512-H3+DdFMv/efN3Efmhsv18jDrpiWWqKG7wsfAlQBqAt6z/E2Bx+TwEj2Nowe51CPOWB8/mFBC2dAMSgVFLvvowA=="],

    "@oxfmt/binding-linux-riscv64-musl": ["@oxfmt/binding-linux-riscv64-musl@0.52.0", "", { "os": "linux", "cpu": "none" }, "sha512-zji+1kb7lJKohSDjzC1IsS+K/cKRs1hdVf0ZH0VbdbiakmtLvN9twBoXo/k8VdjFax7kfo+DyPxS7vv52br1aw=="],

    "@oxfmt/binding-linux-s390x-gnu": ["@oxfmt/binding-linux-s390x-gnu@0.52.0", "", { "os": "linux", "cpu": "s390x" }, "sha512-hcLBYedpCy7ToUvvBidWk7+11Yhg1oAZ4+6hKPic/mQI6NaqXJSXMps5nFlwUuX2ewhtLZZDPg63TI042qGKBg=="],

    "@oxfmt/binding-linux-x64-gnu": ["@oxfmt/binding-linux-x64-gnu@0.52.0", "", { "os": "linux", "cpu": "x64" }, "sha512-IDO2loXK2OtTOhSPchU9MW25mWL2QCDGdJbjN8MXKZVS80qXe5gMTwQWu/gMJ3juoBHbkuUZNB2N1LHzNT7DoA=="],

    "@oxfmt/binding-linux-x64-musl": ["@oxfmt/binding-linux-x64-musl@0.52.0", "", { "os": "linux", "cpu": "x64" }, "sha512-mAV2Hjn0SatJ+KoAzKUC3eJhdJ8wv+3m1KyuS0dTsbF0c5weq+QrCt/DRZZM+uj/XiKzCDEUKYsBF30e2qkcyw=="],

    "@oxfmt/binding-openharmony-arm64": ["@oxfmt/binding-openharmony-arm64@0.52.0", "", { "os": "none", "cpu": "arm64" }, "sha512-vd4npaUIwChxp7XzkqmepBWTT9YMcSe/NBApVGPC30/lLyOVaV3dvma1SKo03t8O73BPRAG7EyJzGlN5cJM5hQ=="],

    "@oxfmt/binding-win32-arm64-msvc": ["@oxfmt/binding-win32-arm64-msvc@0.52.0", "", { "os": "win32", "cpu": "arm64" }, "sha512-k2sz6gWQdMfh5HPpIS+Bw/0UEV/kaK2xuqJRrWL233sEHx9WLlsmvlPFM4HUNThkYbSN0U0vPW7LVKZWDS8hPQ=="],

    "@oxfmt/binding-win32-ia32-msvc": ["@oxfmt/binding-win32-ia32-msvc@0.52.0", "", { "os": "win32", "cpu": "ia32" }, "sha512-rhke69GTcArodLHpjMTfNnvjTEBryDeZcUCKK/VjXDMtfTULl6QRh0ymX5/hbCUv2WjYm9h/QbW++q2vE15gWQ=="],

    "@oxfmt/binding-win32-x64-msvc": ["@oxfmt/binding-win32-x64-msvc@0.52.0", "", { "os": "win32", "cpu": "x64" }, "sha512-q5xL7oeXkZdEtNZWBdvehJcmt+GRu9l2bK40yJs1jJXlqq+r0Hygb1rTjq+FM2o/2xyt4cufH6KRplHp3Jjsvw=="],

    "@types/bun": ["@types/bun@1.3.14", "", { "dependencies": { "bun-types": "1.3.14" } }, "sha512-h1hFqFVcvAvD9j9K7ZW7vd82aSA+rTdznZa+5bwvCwqSB1jmmfLcbIWhOLx1/+boy/xmjgCs/OMUL8hRJSmnPw=="],

    "@types/node": ["@types/node@26.1.1", "", { "dependencies": { "undici-types": "~8.3.0" } }, "sha512-nxAkRSVkN1Y0JC1W8ky/fTfkGsMmcrRsbx+3XoZE+rMOX71kLYTV7fLXpqud1GpbpP5TuffXFqfX7fH2GgZREw=="],

    "@typescript/native-preview": ["@typescript/native-preview@7.0.0-dev.20260707.2", "", { "optionalDependencies": { "@typescript/native-preview-darwin-arm64": "7.0.0-dev.20260707.2", "@typescript/native-preview-darwin-x64": "7.0.0-dev.20260707.2", "@typescript/native-preview-linux-arm": "7.0.0-dev.20260707.2", "@typescript/native-preview-linux-arm64": "7.0.0-dev.20260707.2", "@typescript/native-preview-linux-x64": "7.0.0-dev.20260707.2", "@typescript/native-preview-win32-arm64": "7.0.0-dev.20260707.2", "@typescript/native-preview-win32-x64": "7.0.0-dev.20260707.2" }, "bin": { "tsgo": "bin/tsgo" } }, "sha512-oUGp+Rep/hqMhPunyinsALUwSlzHINSxitifPiSaeqoKOKD2OlR9NE3TaPqwsl4NlGslsOSUXI1JotWQzpYCPg=="],

    "@typescript/native-preview-darwin-arm64": ["@typescript/native-preview-darwin-arm64@7.0.0-dev.20260707.2", "", { "os": "darwin", "cpu": "arm64" }, "sha512-wny2pgKjGbiZtnOIHVa3tXC1UfDqxNEFzyPGmiqybedG8hipG2Nfp0l5UxbaKCjkLacUpH/W5bP2hBOMVhCOzg=="],

    "@typescript/native-preview-darwin-x64": ["@typescript/native-preview-darwin-x64@7.0.0-dev.20260707.2", "", { "os": "darwin", "cpu": "x64" }, "sha512-Afc7M5zOwo+GpfcYwz5Z8HMB2tPVsui7nNIqEuuFB73MPdVqNn/Wmpe4tP4MRri0AtJnJknoHBaTJ/VDAp/Jhw=="],

    "@typescript/native-preview-linux-arm": ["@typescript/native-preview-linux-arm@7.0.0-dev.20260707.2", "", { "os": "linux", "cpu": "arm" }, "sha512-hJm/UOqZTr9FHmR7uNm8VGX4oKtfWk0Jem0zPeJFNC8ckGUfSBueyiEYMZB+XmRc1aG4x1E46y3CplP4CLHvGQ=="],

    "@typescript/native-preview-linux-arm64": ["@typescript/native-preview-linux-arm64@7.0.0-dev.20260707.2", "", { "os": "linux", "cpu": "arm64" }, "sha512-iITBa2WjjTI5N9t5l7Z4KoOSI+2zBlhbvFzsD/f8qX8QoKjz/Y4DPyBDgezYi8nkqjjksbgSOJ3/ykzhwrB9cg=="],

    "@typescript/native-preview-linux-x64": ["@typescript/native-preview-linux-x64@7.0.0-dev.20260707.2", "", { "os": "linux", "cpu": "x64" }, "sha512-du0dzi6y97Po5vDNdPJTyyijHCpaS22JLRnKZEJXBDaO9gCIymOv/5QQokFRuOlQm0bWl3i9PF4OVdGP6uAOQA=="],

    "@typescript/native-preview-win32-arm64": ["@typescript/native-preview-win32-arm64@7.0.0-dev.20260707.2", "", { "os": "win32", "cpu": "arm64" }, "sha512-SsAwfhyHJ1akgBc+99z4+hwdbHsdWaKB8EwCNIMA6JfSLMeUjffrYvxu+vfMyxVtOVOz7RrRXRoiDiu4a2sCtg=="],

    "@typescript/native-preview-win32-x64": ["@typescript/native-preview-win32-x64@7.0.0-dev.20260707.2", "", { "os": "win32", "cpu": "x64" }, "sha512-DL4u27stv0fo71sVhOzHSwE+YMZsbBijVI+kg5dLDLilSH79WFTJ8RSQ46vJrCMt+Gjlv/JOZP1PuLJDfioYeQ=="],

    "bun-types": ["bun-types@1.3.14", "", { "dependencies": { "@types/node": "*" } }, "sha512-4N0ig0fEomHt5R0KCFWjovxow98rIoRwKolrYdCcknNwMekCXRnWEUvgu5soYV8QXtVsrUD8B95MBOZGPvr6KQ=="],

    "oxfmt": ["oxfmt@0.52.0", "", { "dependencies": { "tinypool": "2.1.0" }, "optionalDependencies": { "@oxfmt/binding-android-arm-eabi": "0.52.0", "@oxfmt/binding-android-arm64": "0.52.0", "@oxfmt/binding-darwin-arm64": "0.52.0", "@oxfmt/binding-darwin-x64": "0.52.0", "@oxfmt/binding-freebsd-x64": "0.52.0", "@oxfmt/binding-linux-arm-gnueabihf": "0.52.0", "@oxfmt/binding-linux-arm-musleabihf": "0.52.0", "@oxfmt/binding-linux-arm64-gnu": "0.52.0", "@oxfmt/binding-linux-arm64-musl": "0.52.0", "@oxfmt/binding-linux-ppc64-gnu": "0.52.0", "@oxfmt/binding-linux-riscv64-gnu": "0.52.0", "@oxfmt/binding-linux-riscv64-musl": "0.52.0", "@oxfmt/binding-linux-s390x-gnu": "0.52.0", "@oxfmt/binding-linux-x64-gnu": "0.52.0", "@oxfmt/binding-linux-x64-musl": "0.52.0", "@oxfmt/binding-openharmony-arm64": "0.52.0", "@oxfmt/binding-win32-arm64-msvc": "0.52.0", "@oxfmt/binding-win32-ia32-msvc": "0.52.0", "@oxfmt/binding-win32-x64-msvc": "0.52.0" }, "peerDependencies": { "svelte": "^5.0.0", "vite-plus": "*" }, "optionalPeers": ["svelte", "vite-plus"], "bin": { "oxfmt": "bin/oxfmt" } }, "sha512-nJlYM35F64zTDMecCNhoHNkf+D/eHv7xcjj9XDSj+bFAVtN93m7v8DQMdHd6nDG6Akf/kEYYHmDUBs2Dz27Sug=="],

    "tinypool": ["tinypool@2.1.0", "", {}, "sha512-Pugqs6M0m7Lv1I7FtxN4aoyToKg1C4tu+/381vH35y8oENM/Ai7f7C4StcoK4/+BSw9ebcS8jRiVrORFKCALLw=="],

    "undici-types": ["undici-types@8.3.0", "", {}, "sha512-j375ScV60dom+YkPFIfTLcOiPxkN/buHz5GobjLhixFuANaNs3C9l4GmrWqejgXWJ7BbJcFYpTEUkS1Ge8bpZQ=="],
  }
}
